// !$*UTF8*$!
{
	archiveVersion = 1;
	classes = {
	};
	objectVersion = 56;
	objects = {

/* Begin PBXBuildFile section */
		80D75B4C294CC69F0077ACB6 /* Declare_AlarmApp.swift in Sources */ = {isa = PBXBuildFile; fileRef = 80D75B4B294CC69F0077ACB6 /* Declare_AlarmApp.swift */; };
		80D75B4E294CC69F0077ACB6 /* ContentView.swift in Sources */ = {isa = PBXBuildFile; fileRef = 80D75B4D294CC69F0077ACB6 /* ContentView.swift */; };
		80D75B50294CC6A10077ACB6 /* Assets.xcassets in Resources */ = {isa = PBXBuildFile; fileRef = 80D75B4F294CC6A10077ACB6 /* Assets.xcassets */; };
		80D75B53294CC6A10077ACB6 /* Preview Assets.xcassets in Resources */ = {isa = PBXBuildFile; fileRef = 80D75B52294CC6A10077ACB6 /* Preview Assets.xcassets */; };
		80D75B55294CC6A10077ACB6 /* Persistence.swift in Sources */ = {isa = PBXBuildFile; fileRef = 80D75B54294CC6A10077ACB6 /* Persistence.swift */; };
		80D75B58294CC6A10077ACB6 /* Declare_Alarm.xcdatamodeld in Sources */ = {isa = PBXBuildFile; fileRef = 80D75B56294CC6A10077ACB6 /* Declare_Alarm.xcdatamodeld */; };
		80D75B62294CC6A10077ACB6 /* Declare_AlarmTests.swift in Sources */ = {isa = PBXBuildFile; fileRef = 80D75B61294CC6A10077ACB6 /* Declare_AlarmTests.swift */; };
		80D75B6C294CC6A10077ACB6 /* Declare_AlarmUITests.swift in Sources */ = {isa = PBXBuildFile; fileRef = 80D75B6B294CC6A10077ACB6 /* Declare_AlarmUITests.swift */; };
		80D75B6E294CC6A10077ACB6 /* Declare_AlarmUITestsLaunchTests.swift in Sources */ = {isa = PBXBuildFile; fileRef = 80D75B6D294CC6A10077ACB6 /* Declare_AlarmUITestsLaunchTests.swift */; };
/* End PBXBuildFile section */

/* Begin PBXContainerItemProxy section */
		80D75B5E294CC6A10077ACB6 /* PBXContainerItemProxy */ = {
			isa = PBXContainerItemProxy;
			containerPortal = 80D75B40294CC69F0077ACB6 /* Project object */;
			proxyType = 1;
			remoteGlobalIDString = 80D75B47294CC69F0077ACB6;
			remoteInfo = "Declare Alarm";
		};
		80D75B68294CC6A10077ACB6 /* PBXContainerItemProxy */ = {
			isa = PBXContainerItemProxy;
			containerPortal = 80D75B40294CC69F0077ACB6 /* Project object */;
			proxyType = 1;
			remoteGlobalIDString = 80D75B47294CC69F0077ACB6;
			remoteInfo = "Declare Alarm";
		};
/* End PBXContainerItemProxy section */

/* Begin PBXFileReference section */
		80D75B48294CC69F0077ACB6 /* Declare Alarm.app */ = {isa = PBXFileReference; explicitFileType = wrapper.application; includeInIndex = 0; path = "Declare Alarm.app"; sourceTree = BUILT_PRODUCTS_DIR; };
		80D75B4B294CC69F0077ACB6 /* Declare_AlarmApp.swift */ = {isa = PBXFileReference; lastKnownFileType = sourcecode.swift; path = Declare_AlarmApp.swift; sourceTree = "<group>"; };
		80D75B4D294CC69F0077ACB6 /* ContentView.swift */ = {isa = PBXFileReference; lastKnownFileType = sourcecode.swift; path = ContentView.swift; sourceTree = "<group>"; };
		80D75B4F294CC6A10077ACB6 /* Assets.xcassets */ = {isa = PBXFileReference; lastKnownFileType = folder.assetcatalog; path = Assets.xcassets; sourceTree = "<group>"; };
		80D75B52294CC6A10077ACB6 /* Preview Assets.xcassets */ = {isa = PBXFileReference; lastKnownFileType = folder.assetcatalog; path = "Preview Assets.xcassets"; sourceTree = "<group>"; };
		80D75B54294CC6A10077ACB6 /* Persistence.swift */ = {isa = PBXFileReference; lastKnownFileType = sourcecode.swift; path = Persistence.swift; sourceTree = "<group>"; };
		80D75B57294CC6A10077ACB6 /* Declare_Alarm.xcdatamodel */ = {isa = PBXFileReference; lastKnownFileType = wrapper.xcdatamodel; path = Declare_Alarm.xcdatamodel; sourceTree = "<group>"; };
		80D75B5D294CC6A10077ACB6 /* Declare AlarmTests.xctest */ = {isa = PBXFileReference; explicitFileType = wrapper.cfbundle; includeInIndex = 0; path = "Declare AlarmTests.xctest"; sourceTree = BUILT_PRODUCTS_DIR; };
		80D75B61294CC6A10077ACB6 /* Declare_AlarmTests.swift */ = {isa = PBXFileReference; lastKnownFileType = sourcecode.swift; path = Declare_AlarmTests.swift; sourceTree = "<group>"; };
		80D75B67294CC6A10077ACB6 /* Declare AlarmUITests.xctest */ = {isa = PBXFileReference; explicitFileType = wrapper.cfbundle; includeInIndex = 0; path = "Declare AlarmUITests.xctest"; sourceTree = BUILT_PRODUCTS_DIR; };
		80D75B6B294CC6A10077ACB6 /* Declare_AlarmUITests.swift */ = {isa = PBXFileReference; lastKnownFileType = sourcecode.swift; path = Declare_AlarmUITests.swift; sourceTree = "<group>"; };
		80D75B6D294CC6A10077ACB6 /* Declare_AlarmUITestsLaunchTests.swift */ = {isa = PBXFileReference; lastKnownFileType = sourcecode.swift; path = Declare_AlarmUITestsLaunchTests.swift; sourceTree = "<group>"; };
/* End PBXFileReference section */

/* Begin PBXFrameworksBuildPhase section */
		80D75B45294CC69F0077ACB6 /* Frameworks */ = {
			isa = PBXFrameworksBuildPhase;
			buildActionMask = 2147483647;
			files = (
			);
			runOnlyForDeploymentPostprocessing = 0;
		};
		80D75B5A294CC6A10077ACB6 /* Frameworks */ = {
			isa = PBXFrameworksBuildPhase;
			buildActionMask = 2147483647;
			files = (
			);
			runOnlyForDeploymentPostprocessing = 0;
		};
		80D75B64294CC6A10077ACB6 /* Frameworks */ = {
			isa = PBXFrameworksBuildPhase;
			buildActionMask = 2147483647;
			files = (
			);
			runOnlyForDeploymentPostprocessing = 0;
		};
/* End PBXFrameworksBuildPhase section */

/* Begin PBXGroup section */
		80D75B3F294CC69F0077ACB6 = {
			isa = PBXGroup;
			children = (
				80D75B4A294CC69F0077ACB6 /* Declare Alarm */,
				80D75B60294CC6A10077ACB6 /* Declare AlarmTests */,
				80D75B6A294CC6A10077ACB6 /* Declare AlarmUITests */,
				80D75B49294CC69F0077ACB6 /* Products */,
			);
			sourceTree = "<group>";
		};
		80D75B49294CC69F0077ACB6 /* Products */ = {
			isa = PBXGroup;
			children = (
				80D75B48294CC69F0077ACB6 /* Declare Alarm.app */,
				80D75B5D294CC6A10077ACB6 /* Declare AlarmTests.xctest */,
				80D75B67294CC6A10077ACB6 /* Declare AlarmUITests.xctest */,
			);
			name = Products;
			sourceTree = "<group>";
		};
		80D75B4A294CC69F0077ACB6 /* Declare Alarm */ = {
			isa = PBXGroup;
			children = (
				80D75B4B294CC69F0077ACB6 /* Declare_AlarmApp.swift */,
				80D75B4D294CC69F0077ACB6 /* ContentView.swift */,
				80D75B4F294CC6A10077ACB6 /* Assets.xcassets */,
				80D75B54294CC6A10077ACB6 /* Persistence.swift */,
				80D75B56294CC6A10077ACB6 /* Declare_Alarm.xcdatamodeld */,
				80D75B51294CC6A10077ACB6 /* Preview Content */,
			);
			path = "Declare Alarm";
			sourceTree = "<group>";
		};
		80D75B51294CC6A10077ACB6 /* Preview Content */ = {
			isa = PBXGroup;
			children = (
				80D75B52294CC6A10077ACB6 /* Preview Assets.xcassets */,
			);
			path = "Preview Content";
			sourceTree = "<group>";
		};
		80D75B60294CC6A10077ACB6 /* Declare AlarmTests */ = {
			isa = PBXGroup;
			children = (
				80D75B61294CC6A10077ACB6 /* Declare_AlarmTests.swift */,
			);
			path = "Declare AlarmTests";
			sourceTree = "<group>";
		};
		80D75B6A294CC6A10077ACB6 /* Declare AlarmUITests */ = {
			isa = PBXGroup;
			children = (
				80D75B6B294CC6A10077ACB6 /* Declare_AlarmUITests.swift */,
				80D75B6D294CC6A10077ACB6 /* Declare_AlarmUITestsLaunchTests.swift */,
			);
			path = "Declare AlarmUITests";
			sourceTree = "<group>";
		};
/* End PBXGroup section */

/* Begin PBXNativeTarget section */
		80D75B47294CC69F0077ACB6 /* Declare Alarm */ = {
			isa = PBXNativeTarget;
			buildConfigurationList = 80D75B71294CC6A10077ACB6 /* Build configuration list for PBXNativeTarget "Declare Alarm" */;
			buildPhases = (
				80D75B44294CC69F0077ACB6 /* Sources */,
				80D75B45294CC69F0077ACB6 /* Frameworks */,
				80D75B46294CC69F0077ACB6 /* Resources */,
			);
			buildRules = (
			);
			dependencies = (
			);
			name = "Declare Alarm";
			productName = "Declare Alarm";
			productReference = 80D75B48294CC69F0077ACB6 /* Declare Alarm.app */;
			productType = "com.apple.product-type.application";
		};
		80D75B5C294CC6A10077ACB6 /* Declare AlarmTests */ = {
			isa = PBXNativeTarget;
			buildConfigurationList = 80D75B74294CC6A10077ACB6 /* Build configuration list for PBXNativeTarget "Declare AlarmTests" */;
			buildPhases = (
				80D75B59294CC6A10077ACB6 /* Sources */,
				80D75B5A294CC6A10077ACB6 /* Frameworks */,
				80D75B5B294CC6A10077ACB6 /* Resources */,
			);
			buildRules = (
			);
			dependencies = (
				80D75B5F294CC6A10077ACB6 /* PBXTargetDependency */,
			);
			name = "Declare AlarmTests";
			productName = "Declare AlarmTests";
			productReference = 80D75B5D294CC6A10077ACB6 /* Declare AlarmTests.xctest */;
			productType = "com.apple.product-type.bundle.unit-test";
		};
		80D75B66294CC6A10077ACB6 /* Declare AlarmUITests */ = {
			isa = PBXNativeTarget;
			buildConfigurationList = 80D75B77294CC6A10077ACB6 /* Build configuration list for PBXNativeTarget "Declare AlarmUITests" */;
			buildPhases = (
				80D75B63294CC6A10077ACB6 /* Sources */,
				80D75B64294CC6A10077ACB6 /* Frameworks */,
				80D75B65294CC6A10077ACB6 /* Resources */,
			);
			buildRules = (
			);
			dependencies = (
				80D75B69294CC6A10077ACB6 /* PBXTargetDependency */,
			);
			name = "Declare AlarmUITests";
			productName = "Declare AlarmUITests";
			productReference = 80D75B67294CC6A10077ACB6 /* Declare AlarmUITests.xctest */;
			productType = "com.apple.product-type.bundle.ui-testing";
		};
/* End PBXNativeTarget section */

/* Begin PBXProject section */
		80D75B40294CC69F0077ACB6 /* Project object */ = {
			isa = PBXProject;
			attributes = {
				BuildIndependentTargetsInParallel = 1;
				LastSwiftUpdateCheck = 1420;
				LastUpgradeCheck = 1420;
				TargetAttributes = {
					80D75B47294CC69F0077ACB6 = {
						CreatedOnToolsVersion = 14.2;
					};
					80D75B5C294CC6A10077ACB6 = {
						CreatedOnToolsVersion = 14.2;
						TestTargetID = 80D75B47294CC69F0077ACB6;
					};
					80D75B66294CC6A10077ACB6 = {
						CreatedOnToolsVersion = 14.2;
						TestTargetID = 80D75B47294CC69F0077ACB6;
					};
				};
			};
			buildConfigurationList = 80D75B43294CC69F0077ACB6 /* Build configuration list for PBXProject "Declare Alarm" */;
			compatibilityVersion = "Xcode 14.0";
			developmentRegion = en;
			hasScannedForEncodings = 0;
			knownRegions = (
				en,
				Base,
			);
			mainGroup = 80D75B3F294CC69F0077ACB6;
			productRefGroup = 80D75B49294CC69F0077ACB6 /* Products */;
			projectDirPath = "";
			projectRoot = "";
			targets = (
				80D75B47294CC69F0077ACB6 /* Declare Alarm */,
				80D75B5C294CC6A10077ACB6 /* Declare AlarmTests */,
				80D75B66294CC6A10077ACB6 /* Declare AlarmUITests */,
			);
		};
/* End PBXProject section */

/* Begin PBXResourcesBuildPhase section */
		80D75B46294CC69F0077ACB6 /* Resources */ = {
			isa = PBXResourcesBuildPhase;
			buildActionMask = 2147483647;
			files = (
				80D75B53294CC6A10077ACB6 /* Preview Assets.xcassets in Resources */,
				80D75B50294CC6A10077ACB6 /* Assets.xcassets in Resources */,
			);
			runOnlyForDeploymentPostprocessing = 0;
		};
		80D75B5B294CC6A10077ACB6 /* Resources */ = {
			isa = PBXResourcesBuildPhase;
			buildActionMask = 2147483647;
			files = (
			);
			runOnlyForDeploymentPostprocessing = 0;
		};
		80D75B65294CC6A10077ACB6 /* Resources */ = {
			isa = PBXResourcesBuildPhase;
			buildActionMask = 2147483647;
			files = (
			);
			runOnlyForDeploymentPostprocessing = 0;
		};
/* End PBXResourcesBuildPhase section */

/* Begin PBXSourcesBuildPhase section */
		80D75B44294CC69F0077ACB6 /* Sources */ = {
			isa = PBXSourcesBuildPhase;
			buildActionMask = 2147483647;
			files = (
				80D75B55294CC6A10077ACB6 /* Persistence.swift in Sources */,
				80D75B4E294CC69F0077ACB6 /* ContentView.swift in Sources */,
				80D75B58294CC6A10077ACB6 /* Declare_Alarm.xcdatamodeld in Sources */,
				80D75B4C294CC69F0077ACB6 /* Declare_AlarmApp.swift in Sources */,
			);
			runOnlyForDeploymentPostprocessing = 0;
		};
		80D75B59294CC6A10077ACB6 /* Sources */ = {
			isa = PBXSourcesBuildPhase;
			buildActionMask = 2147483647;
			files = (
				80D75B62294CC6A10077ACB6 /* Declare_AlarmTests.swift in Sources */,
			);
			runOnlyForDeploymentPostprocessing = 0;
		};
		80D75B63294CC6A10077ACB6 /* Sources */ = {
			isa = PBXSourcesBuildPhase;
			buildActionMask = 2147483647;
			files = (
				80D75B6C294CC6A10077ACB6 /* Declare_AlarmUITests.swift in Sources */,
				80D75B6E294CC6A10077ACB6 /* Declare_AlarmUITestsLaunchTests.swift in Sources */,
			);
			runOnlyForDeploymentPostprocessing = 0;
		};
/* End PBXSourcesBuildPhase section */

/* Begin PBXTargetDependency section */
		80D75B5F294CC6A10077ACB6 /* PBXTargetDependency */ = {
			isa = PBXTargetDependency;
			target = 80D75B47294CC69F0077ACB6 /* Declare Alarm */;
			targetProxy = 80D75B5E294CC6A10077ACB6 /* PBXContainerItemProxy */;
		};
		80D75B69294CC6A10077ACB6 /* PBXTargetDependency */ = {
			isa = PBXTargetDependency;
			target = 80D75B47294CC69F0077ACB6 /* Declare Alarm */;
			targetProxy = 80D75B68294CC6A10077ACB6 /* PBXContainerItemProxy */;
		};
/* End PBXTargetDependency section */

/* Begin XCBuildConfiguration section */
		80D75B6F294CC6A10077ACB6 /* Debug */ = {
			isa = XCBuildConfiguration;
			buildSettings = {
				ALWAYS_SEARCH_USER_PATHS = NO;
				CLANG_ANALYZER_NONNULL = YES;
				CLANG_ANALYZER_NUMBER_OBJECT_CONVERSION = YES_AGGRESSIVE;
				CLANG_CXX_LANGUAGE_STANDARD = "gnu++20";
				CLANG_ENABLE_MODULES = YES;
				CLANG_ENABLE_OBJC_ARC = YES;
				CLANG_ENABLE_OBJC_WEAK = YES;
				CLANG_WARN_BLOCK_CAPTURE_AUTORELEASING = YES;
				CLANG_WARN_BOOL_CONVERSION = YES;
				CLANG_WARN_COMMA = YES;
				CLANG_WARN_CONSTANT_CONVERSION = YES;
				CLANG_WARN_DEPRECATED_OBJC_IMPLEMENTATIONS = YES;
				CLANG_WARN_DIRECT_OBJC_ISA_USAGE = YES_ERROR;
				CLANG_WARN_DOCUMENTATION_COMMENTS = YES;
				CLANG_WARN_EMPTY_BODY = YES;
				CLANG_WARN_ENUM_CONVERSION = YES;
				CLANG_WARN_INFINITE_RECURSION = YES;
				CLANG_WARN_INT_CONVERSION = YES;
				CLANG_WARN_NON_LITERAL_NULL_CONVERSION = YES;
				CLANG_WARN_OBJC_IMPLICIT_RETAIN_SELF = YES;
				CLANG_WARN_OBJC_LITERAL_CONVERSION = YES;
				CLANG_WARN_OBJC_ROOT_CLASS = YES_ERROR;
				CLANG_WARN_QUOTED_INCLUDE_IN_FRAMEWORK_HEADER = YES;
				CLANG_WARN_RANGE_LOOP_ANALYSIS = YES;
				CLANG_WARN_STRICT_PROTOTYPES = YES;
				CLANG_WARN_SUSPICIOUS_MOVE = YES;
				CLANG_WARN_UNGUARDED_AVAILABILITY = YES_AGGRESSIVE;
				CLANG_WARN_UNREACHABLE_CODE = YES;
				CLANG_WARN__DUPLICATE_METHOD_MATCH = YES;
				COPY_PHASE_STRIP = NO;
				DEBUG_INFORMATION_FORMAT = dwarf;
				ENABLE_STRICT_OBJC_MSGSEND = YES;
				ENABLE_TESTABILITY = YES;
				GCC_C_LANGUAGE_STANDARD = gnu11;
				GCC_DYNAMIC_NO_PIC = NO;
				GCC_NO_COMMON_BLOCKS = YES;
				GCC_OPTIMIZATION_LEVEL = 0;
				GCC_PREPROCESSOR_DEFINITIONS = (
					"DEBUG=1",
					"$(inherited)",
				);
				GCC_WARN_64_TO_32_BIT_CONVERSION = YES;
				GCC_WARN_ABOUT_RETURN_TYPE = YES_ERROR;
				GCC_WARN_UNDECLARED_SELECTOR = YES;
				GCC_WARN_UNINITIALIZED_AUTOS = YES_AGGRESSIVE;
				GCC_WARN_UNUSED_FUNCTION = YES;
				GCC_WARN_UNUSED_VARIABLE = YES;
				IPHONEOS_DEPLOYMENT_TARGET = 16.2;
				MTL_ENABLE_DEBUG_INFO = INCLUDE_SOURCE;
				MTL_FAST_MATH = YES;
				ONLY_ACTIVE_ARCH = YES;
				SDKROOT = iphoneos;
				SWIFT_ACTIVE_COMPILATION_CONDITIONS = DEBUG;
				SWIFT_OPTIMIZATION_LEVEL = "-Onone";
			};
			name = Debug;
		};
		80D75B70294CC6A10077ACB6 /* Release */ = {
			isa = XCBuildConfiguration;
			buildSettings = {
				ALWAYS_SEARCH_USER_PATHS = NO;
				CLANG_ANALYZER_NONNULL = YES;
				CLANG_ANALYZER_NUMBER_OBJECT_CONVERSION = YES_AGGRESSIVE;
				CLANG_CXX_LANGUAGE_STANDARD = "gnu++20";
				CLANG_ENABLE_MODULES = YES;
				CLANG_ENABLE_OBJC_ARC = YES;
				CLANG_ENABLE_OBJC_WEAK = YES;
				CLANG_WARN_BLOCK_CAPTURE_AUTORELEASING = YES;
				CLANG_WARN_BOOL_CONVERSION = YES;
				CLANG_WARN_COMMA = YES;
				CLANG_WARN_CONSTANT_CONVERSION = YES;
				CLANG_WARN_DEPRECATED_OBJC_IMPLEMENTATIONS = YES;
				CLANG_WARN_DIRECT_OBJC_ISA_USAGE = YES_ERROR;
				CLANG_WARN_DOCUMENTATION_COMMENTS = YES;
				CLANG_WARN_EMPTY_BODY = YES;
				CLANG_WARN_ENUM_CONVERSION = YES;
				CLANG_WARN_INFINITE_RECURSION = YES;
				CLANG_WARN_INT_CONVERSION = YES;
				CLANG_WARN_NON_LITERAL_NULL_CONVERSION = YES;
				CLANG_WARN_OBJC_IMPLICIT_RETAIN_SELF = YES;
				CLANG_WARN_OBJC_LITERAL_CONVERSION = YES;
				CLANG_WARN_OBJC_ROOT_CLASS = YES_ERROR;
				CLANG_WARN_QUOTED_INCLUDE_IN_FRAMEWORK_HEADER = YES;
				CLANG_WARN_RANGE_LOOP_ANALYSIS = YES;
				CLANG_WARN_STRICT_PROTOTYPES = YES;
				CLANG_WARN_SUSPICIOUS_MOVE = YES;
				CLANG_WARN_UNGUARDED_AVAILABILITY = YES_AGGRESSIVE;
				CLANG_WARN_UNREACHABLE_CODE = YES;
				CLANG_WARN__DUPLICATE_METHOD_MATCH = YES;
				COPY_PHASE_STRIP = NO;
				DEBUG_INFORMATION_FORMAT = "dwarf-with-dsym";
				ENABLE_NS_ASSERTIONS = NO;
				ENABLE_STRICT_OBJC_MSGSEND = YES;
				GCC_C_LANGUAGE_STANDARD = gnu11;
				GCC_NO_COMMON_BLOCKS = YES;
				GCC_WARN_64_TO_32_BIT_CONVERSION = YES;
				GCC_WARN_ABOUT_RETURN_TYPE = YES_ERROR;
				GCC_WARN_UNDECLARED_SELECTOR = YES;
				GCC_WARN_UNINITIALIZED_AUTOS = YES_AGGRESSIVE;
				GCC_WARN_UNUSED_FUNCTION = YES;
				GCC_WARN_UNUSED_VARIABLE = YES;
				IPHONEOS_DEPLOYMENT_TARGET = 16.2;
				MTL_ENABLE_DEBUG_INFO = NO;
				MTL_FAST_MATH = YES;
				SDKROOT = iphoneos;
				SWIFT_COMPILATION_MODE = wholemodule;
				SWIFT_OPTIMIZATION_LEVEL = "-O";
				VALIDATE_PRODUCT = YES;
			};
			name = Release;
		};
		80D75B72294CC6A10077ACB6 /* Debug */ = {
			isa = XCBuildConfiguration;
			buildSettings = {
				ASSETCATALOG_COMPILER_APPICON_NAME = AppIcon;
				ASSETCATALOG_COMPILER_GLOBAL_ACCENT_COLOR_NAME = AccentColor;
				CODE_SIGN_STYLE = Automatic;
				CURRENT_PROJECT_VERSION = 1;
				DEVELOPMENT_ASSET_PATHS = "\"Declare Alarm/Preview Content\"";
				DEVELOPMENT_TEAM = PK7HCG46US;
				ENABLE_PREVIEWS = YES;
				GENERATE_INFOPLIST_FILE = YES;
				INFOPLIST_KEY_UIApplicationSceneManifest_Generation = YES;
				INFOPLIST_KEY_UIApplicationSupportsIndirectInputEvents = YES;
				INFOPLIST_KEY_UILaunchScreen_Generation = YES;
				INFOPLIST_KEY_UISupportedInterfaceOrientations_iPad = "UIInterfaceOrientationPortrait UIInterfaceOrientationPortraitUpsideDown UIInterfaceOrientationLandscapeLeft UIInterfaceOrientationLandscapeRight";
				INFOPLIST_KEY_UISupportedInterfaceOrientations_iPhone = "UIInterfaceOrientationPortrait UIInterfaceOrientationLandscapeLeft UIInterfaceOrientationLandscapeRight";
				LD_RUNPATH_SEARCH_PATHS = (
					"$(inherited)",
					"@executable_path/Frameworks",
				);
				MARKETING_VERSION = 1.0;
				PRODUCT_BUNDLE_IDENTIFIER = "net.snowskeleton.Declare-Alarm";
				PRODUCT_NAME = "$(TARGET_NAME)";
				SWIFT_EMIT_LOC_STRINGS = YES;
				SWIFT_VERSION = 5.0;
				TARGETED_DEVICE_FAMILY = "1,2";
			};
			name = Debug;
		};
		80D75B73294CC6A10077ACB6 /* Release */ = {
			isa = XCBuildConfiguration;
			buildSettings = {
				ASSETCATALOG_COMPILER_APPICON_NAME = AppIcon;
				ASSETCATALOG_COMPILER_GLOBAL_ACCENT_COLOR_NAME = AccentColor;
				CODE_SIGN_STYLE = Automatic;
				CURRENT_PROJECT_VERSION = 1;
				DEVELOPMENT_ASSET_PATHS = "\"Declare Alarm/Preview Content\"";
				DEVELOPMENT_TEAM = PK7HCG46US;
				ENABLE_PREVIEWS = YES;
				GENERATE_INFOPLIST_FILE = YES;
				INFOPLIST_KEY_UIApplicationSceneManifest_Generation = YES;
				INFOPLIST_KEY_UIApplicationSupportsIndirectInputEvents = YES;
				INFOPLIST_KEY_UILaunchScreen_Generation = YES;
				INFOPLIST_KEY_UISupportedInterfaceOrientations_iPad = "UIInterfaceOrientationPortrait UIInterfaceOrientationPortraitUpsideDown UIInterfaceOrientationLandscapeLeft UIInterfaceOrientationLandscapeRight";
				INFOPLIST_KEY_UISupportedInterfaceOrientations_iPhone = "UIInterfaceOrientationPortrait UIInterfaceOrientationLandscapeLeft UIInterfaceOrientationLandscapeRight";
				LD_RUNPATH_SEARCH_PATHS = (
					"$(inherited)",
					"@executable_path/Frameworks",
				);
				MARKETING_VERSION = 1.0;
				PRODUCT_BUNDLE_IDENTIFIER = "net.snowskeleton.Declare-Alarm";
				PRODUCT_NAME = "$(TARGET_NAME)";
				SWIFT_EMIT_LOC_STRINGS = YES;
				SWIFT_VERSION = 5.0;
				TARGETED_DEVICE_FAMILY = "1,2";
			};
			name = Release;
		};
		80D75B75294CC6A10077ACB6 /* Debug */ = {
			isa = XCBuildConfiguration;
			buildSettings = {
				ALWAYS_EMBED_SWIFT_STANDARD_LIBRARIES = YES;
				BUNDLE_LOADER = "$(TEST_HOST)";
				CODE_SIGN_STYLE = Automatic;
				CURRENT_PROJECT_VERSION = 1;
				DEVELOPMENT_TEAM = PK7HCG46US;
				GENERATE_INFOPLIST_FILE = YES;
				IPHONEOS_DEPLOYMENT_TARGET = 16.2;
				MARKETING_VERSION = 1.0;
				PRODUCT_BUNDLE_IDENTIFIER = "net.snowskeleton.Declare-AlarmTests";
				PRODUCT_NAME = "$(TARGET_NAME)";
				SWIFT_EMIT_LOC_STRINGS = NO;
				SWIFT_VERSION = 5.0;
				TARGETED_DEVICE_FAMILY = "1,2";
				TEST_HOST = "$(BUILT_PRODUCTS_DIR)/Declare Alarm.app/$(BUNDLE_EXECUTABLE_FOLDER_PATH)/Declare Alarm";
			};
			name = Debug;
		};
		80D75B76294CC6A10077ACB6 /* Release */ = {
			isa = XCBuildConfiguration;
			buildSettings = {
				ALWAYS_EMBED_SWIFT_STANDARD_LIBRARIES = YES;
				BUNDLE_LOADER = "$(TEST_HOST)";
				CODE_SIGN_STYLE = Automatic;
				CURRENT_PROJECT_VERSION = 1;
				DEVELOPMENT_TEAM = PK7HCG46US;
				GENERATE_INFOPLIST_FILE = YES;
				IPHONEOS_DEPLOYMENT_TARGET = 16.2;
				MARKETING_VERSION = 1.0;
				PRODUCT_BUNDLE_IDENTIFIER = "net.snowskeleton.Declare-AlarmTests";
				PRODUCT_NAME = "$(TARGET_NAME)";
				SWIFT_EMIT_LOC_STRINGS = NO;
				SWIFT_VERSION = 5.0;
				TARGETED_DEVICE_FAMILY = "1,2";
				TEST_HOST = "$(BUILT_PRODUCTS_DIR)/Declare Alarm.app/$(BUNDLE_EXECUTABLE_FOLDER_PATH)/Declare Alarm";
			};
			name = Release;
		};
		80D75B78294CC6A10077ACB6 /* Debug */ = {
			isa = XCBuildConfiguration;
			buildSettings = {
				ALWAYS_EMBED_SWIFT_STANDARD_LIBRARIES = YES;
				CODE_SIGN_STYLE = Automatic;
				CURRENT_PROJECT_VERSION = 1;
				DEVELOPMENT_TEAM = PK7HCG46US;
				GENERATE_INFOPLIST_FILE = YES;
				MARKETING_VERSION = 1.0;
				PRODUCT_BUNDLE_IDENTIFIER = "net.snowskeleton.Declare-AlarmUITests";
				PRODUCT_NAME = "$(TARGET_NAME)";
				SWIFT_EMIT_LOC_STRINGS = NO;
				SWIFT_VERSION = 5.0;
				TARGETED_DEVICE_FAMILY = "1,2";
				TEST_TARGET_NAME = "Declare Alarm";
			};
			name = Debug;
		};
		80D75B79294CC6A10077ACB6 /* Release */ = {
			isa = XCBuildConfiguration;
			buildSettings = {
				ALWAYS_EMBED_SWIFT_STANDARD_LIBRARIES = YES;
				CODE_SIGN_STYLE = Automatic;
				CURRENT_PROJECT_VERSION = 1;
				DEVELOPMENT_TEAM = PK7HCG46US;
				GENERATE_INFOPLIST_FILE = YES;
				MARKETING_VERSION = 1.0;
				PRODUCT_BUNDLE_IDENTIFIER = "net.snowskeleton.Declare-AlarmUITests";
				PRODUCT_NAME = "$(TARGET_NAME)";
				SWIFT_EMIT_LOC_STRINGS = NO;
				SWIFT_VERSION = 5.0;
				TARGETED_DEVICE_FAMILY = "1,2";
				TEST_TARGET_NAME = "Declare Alarm";
			};
			name = Release;
		};
/* End XCBuildConfiguration section */

/* Begin XCConfigurationList section */
		80D75B43294CC69F0077ACB6 /* Build configuration list for PBXProject "Declare Alarm" */ = {
			isa = XCConfigurationList;
			buildConfigurations = (
				80D75B6F294CC6A10077ACB6 /* Debug */,
				80D75B70294CC6A10077ACB6 /* Release */,
			);
			defaultConfigurationIsVisible = 0;
			defaultConfigurationName = Release;
		};
		80D75B71294CC6A10077ACB6 /* Build configuration list for PBXNativeTarget "Declare Alarm" */ = {
			isa = XCConfigurationList;
			buildConfigurations = (
				80D75B72294CC6A10077ACB6 /* Debug */,
				80D75B73294CC6A10077ACB6 /* Release */,
			);
			defaultConfigurationIsVisible = 0;
			defaultConfigurationName = Release;
		};
		80D75B74294CC6A10077ACB6 /* Build configuration list for PBXNativeTarget "Declare AlarmTests" */ = {
			isa = XCConfigurationList;
			buildConfigurations = (
				80D75B75294CC6A10077ACB6 /* Debug */,
				80D75B76294CC6A10077ACB6 /* Release */,
			);
			defaultConfigurationIsVisible = 0;
			defaultConfigurationName = Release;
		};
		80D75B77294CC6A10077ACB6 /* Build configuration list for PBXNativeTarget "Declare AlarmUITests" */ = {
			isa = XCConfigurationList;
			buildConfigurations = (
				80D75B78294CC6A10077ACB6 /* Debug */,
				80D75B79294CC6A10077ACB6 /* Release */,
			);
			defaultConfigurationIsVisible = 0;
			defaultConfigurationName = Release;
		};
/* End XCConfigurationList section */

/* Begin XCVersionGroup section */
		80D75B56294CC6A10077ACB6 /* Declare_Alarm.xcdatamodeld */ = {
			isa = XCVersionGroup;
			children = (
				80D75B57294CC6A10077ACB6 /* Declare_Alarm.xcdatamodel */,
			);
			currentVersion = 80D75B57294CC6A10077ACB6 /* Declare_Alarm.xcdatamodel */;
			path = Declare_Alarm.xcdatamodeld;
			sourceTree = "<group>";
			versionGroupType = wrapper.xcdatamodel;
		};
/* End XCVersionGroup section */
	};
	rootObject = 80D75B40294CC69F0077ACB6 /* Project object */;
}
