// !$*UTF8*$!
{
	archiveVersion = 1;
	classes = {
	};
	objectVersion = 56;
	objects = {

/* Begin PBXBuildFile section */
		804333812A45348700203FEB /* Sheets.swift in Sources */ = {isa = PBXBuildFile; fileRef = 804333802A45348700203FEB /* Sheets.swift */; };
		804333852A453AE000203FEB /* extensions.swift in Sources */ = {isa = PBXBuildFile; fileRef = 804333842A453AE000203FEB /* extensions.swift */; };
		804E41D32950FDF200890C7A /* AlarmView.swift in Sources */ = {isa = PBXBuildFile; fileRef = 804E41D22950FDF200890C7A /* AlarmView.swift */; };
		804E41D52950FED700890C7A /* Formatters.swift in Sources */ = {isa = PBXBuildFile; fileRef = 804E41D42950FED600890C7A /* Formatters.swift */; };
		8052E1C1295B843D00958811 /* Snowclock_v_0_0_2.xcdatamodeld in Sources */ = {isa = PBXBuildFile; fileRef = 8052E1BD295B843D00958811 /* Snowclock_v_0_0_2.xcdatamodeld */; };
		807837F62A0BF34200E88FBC /* defaultSound.m4r in Resources */ = {isa = PBXBuildFile; fileRef = 807837F52A0BF34200E88FBC /* defaultSound.m4r */; };
		80D102F02A4B2B5300DF7046 /* SnowclockScreenshotGenerator.swift in Sources */ = {isa = PBXBuildFile; fileRef = 80D102EF2A4B2B5300DF7046 /* SnowclockScreenshotGenerator.swift */; };
		80D102F22A4B2B5300DF7046 /* SnowclockScreenshotGeneratorLaunchTests.swift in Sources */ = {isa = PBXBuildFile; fileRef = 80D102F12A4B2B5300DF7046 /* SnowclockScreenshotGeneratorLaunchTests.swift */; };
		80D102FA2A4B2B9F00DF7046 /* Blacksmith in Resources */ = {isa = PBXBuildFile; fileRef = 80D102F92A4B2B9F00DF7046 /* Blacksmith */; };
		80D75B4C294CC69F0077ACB6 /* SnowclockApp.swift in Sources */ = {isa = PBXBuildFile; fileRef = 80D75B4B294CC69F0077ACB6 /* SnowclockApp.swift */; };
		80D75B50294CC6A10077ACB6 /* Assets.xcassets in Resources */ = {isa = PBXBuildFile; fileRef = 80D75B4F294CC6A10077ACB6 /* Assets.xcassets */; };
		80D75B53294CC6A10077ACB6 /* Preview Assets.xcassets in Resources */ = {isa = PBXBuildFile; fileRef = 80D75B52294CC6A10077ACB6 /* Preview Assets.xcassets */; };
		80D75B55294CC6A10077ACB6 /* Persistence.swift in Sources */ = {isa = PBXBuildFile; fileRef = 80D75B54294CC6A10077ACB6 /* Persistence.swift */; };
		80D75B62294CC6A10077ACB6 /* extensionsTests.swift in Sources */ = {isa = PBXBuildFile; fileRef = 80D75B61294CC6A10077ACB6 /* extensionsTests.swift */; };
		80DD2C93295F75C80037CAF9 /* Snowclock-Info.plist in Resources */ = {isa = PBXBuildFile; fileRef = 808804412954E27B007A68EF /* Snowclock-Info.plist */; };
		80DD2C95295F75CA0037CAF9 /* Snowclock-Info.plist in Resources */ = {isa = PBXBuildFile; fileRef = 808804412954E27B007A68EF /* Snowclock-Info.plist */; };
/* End PBXBuildFile section */

/* Begin PBXContainerItemProxy section */
		804333772A2D1EF100203FEB /* PBXContainerItemProxy */ = {
			isa = PBXContainerItemProxy;
			containerPortal = 80D75B40294CC69F0077ACB6 /* Project object */;
			proxyType = 1;
			remoteGlobalIDString = 80D75B47294CC69F0077ACB6;
			remoteInfo = Snowclock;
		};
		80D102F32A4B2B5300DF7046 /* PBXContainerItemProxy */ = {
			isa = PBXContainerItemProxy;
			containerPortal = 80D75B40294CC69F0077ACB6 /* Project object */;
			proxyType = 1;
			remoteGlobalIDString = 80D75B47294CC69F0077ACB6;
			remoteInfo = Snowclock;
		};
		80D75B5E294CC6A10077ACB6 /* PBXContainerItemProxy */ = {
			isa = PBXContainerItemProxy;
			containerPortal = 80D75B40294CC69F0077ACB6 /* Project object */;
			proxyType = 1;
			remoteGlobalIDString = 80D75B47294CC69F0077ACB6;
			remoteInfo = Snowclock;
		};
		80D75B68294CC6A10077ACB6 /* PBXContainerItemProxy */ = {
			isa = PBXContainerItemProxy;
			containerPortal = 80D75B40294CC69F0077ACB6 /* Project object */;
			proxyType = 1;
			remoteGlobalIDString = 80D75B47294CC69F0077ACB6;
			remoteInfo = Snowclock;
		};
/* End PBXContainerItemProxy section */

/* Begin PBXFileReference section */
		804333712A2D1EF100203FEB /* ScreenshotTests.xctest */ = {isa = PBXFileReference; explicitFileType = wrapper.cfbundle; includeInIndex = 0; path = ScreenshotTests.xctest; sourceTree = BUILT_PRODUCTS_DIR; };
		804333802A45348700203FEB /* Sheets.swift */ = {isa = PBXFileReference; lastKnownFileType = sourcecode.swift; path = Sheets.swift; sourceTree = "<group>"; };
		804333842A453AE000203FEB /* extensions.swift */ = {isa = PBXFileReference; lastKnownFileType = sourcecode.swift; path = extensions.swift; sourceTree = "<group>"; };
		804E41D22950FDF200890C7A /* AlarmView.swift */ = {isa = PBXFileReference; lastKnownFileType = sourcecode.swift; path = AlarmView.swift; sourceTree = "<group>"; };
		804E41D42950FED600890C7A /* Formatters.swift */ = {isa = PBXFileReference; lastKnownFileType = sourcecode.swift; path = Formatters.swift; sourceTree = "<group>"; };
		8052E1BF295B843D00958811 /* Snowclock.xcdatamodel */ = {isa = PBXFileReference; lastKnownFileType = wrapper.xcdatamodel; path = Snowclock.xcdatamodel; sourceTree = "<group>"; };
		807837F52A0BF34200E88FBC /* defaultSound.m4r */ = {isa = PBXFileReference; lastKnownFileType = file; path = defaultSound.m4r; sourceTree = "<group>"; };
		808804392954C5F2007A68EF /* Snowclock.entitlements */ = {isa = PBXFileReference; lastKnownFileType = text.plist.entitlements; path = Snowclock.entitlements; sourceTree = "<group>"; };
		808804412954E27B007A68EF /* Snowclock-Info.plist */ = {isa = PBXFileReference; lastKnownFileType = text.plist.xml; path = "Snowclock-Info.plist"; sourceTree = SOURCE_ROOT; };
		80D102ED2A4B2B5300DF7046 /* SnowclockScreenshotGenerator.xctest */ = {isa = PBXFileReference; explicitFileType = wrapper.cfbundle; includeInIndex = 0; path = SnowclockScreenshotGenerator.xctest; sourceTree = BUILT_PRODUCTS_DIR; };
		80D102EF2A4B2B5300DF7046 /* SnowclockScreenshotGenerator.swift */ = {isa = PBXFileReference; lastKnownFileType = sourcecode.swift; path = SnowclockScreenshotGenerator.swift; sourceTree = "<group>"; };
		80D102F12A4B2B5300DF7046 /* SnowclockScreenshotGeneratorLaunchTests.swift */ = {isa = PBXFileReference; lastKnownFileType = sourcecode.swift; path = SnowclockScreenshotGeneratorLaunchTests.swift; sourceTree = "<group>"; };
		80D102F92A4B2B9F00DF7046 /* Blacksmith */ = {isa = PBXFileReference; lastKnownFileType = folder; path = Blacksmith; sourceTree = "<group>"; };
		80D75B48294CC69F0077ACB6 /* Snowclock.app */ = {isa = PBXFileReference; explicitFileType = wrapper.application; includeInIndex = 0; path = Snowclock.app; sourceTree = BUILT_PRODUCTS_DIR; };
		80D75B4B294CC69F0077ACB6 /* SnowclockApp.swift */ = {isa = PBXFileReference; lastKnownFileType = sourcecode.swift; path = SnowclockApp.swift; sourceTree = "<group>"; };
		80D75B4F294CC6A10077ACB6 /* Assets.xcassets */ = {isa = PBXFileReference; lastKnownFileType = folder.assetcatalog; path = Assets.xcassets; sourceTree = "<group>"; };
		80D75B52294CC6A10077ACB6 /* Preview Assets.xcassets */ = {isa = PBXFileReference; lastKnownFileType = folder.assetcatalog; path = "Preview Assets.xcassets"; sourceTree = "<group>"; };
		80D75B54294CC6A10077ACB6 /* Persistence.swift */ = {isa = PBXFileReference; lastKnownFileType = sourcecode.swift; path = Persistence.swift; sourceTree = "<group>"; };
		80D75B5D294CC6A10077ACB6 /* SnowclockTests.xctest */ = {isa = PBXFileReference; explicitFileType = wrapper.cfbundle; includeInIndex = 0; path = SnowclockTests.xctest; sourceTree = BUILT_PRODUCTS_DIR; };
		80D75B61294CC6A10077ACB6 /* extensionsTests.swift */ = {isa = PBXFileReference; lastKnownFileType = sourcecode.swift; path = extensionsTests.swift; sourceTree = "<group>"; };
		80D75B67294CC6A10077ACB6 /* SnowclockUITests.xctest */ = {isa = PBXFileReference; explicitFileType = wrapper.cfbundle; includeInIndex = 0; path = SnowclockUITests.xctest; sourceTree = BUILT_PRODUCTS_DIR; };
/* End PBXFileReference section */

/* Begin PBXFrameworksBuildPhase section */
		8043336E2A2D1EF100203FEB /* Frameworks */ = {
			isa = PBXFrameworksBuildPhase;
			buildActionMask = 2147483647;
			files = (
			);
			runOnlyForDeploymentPostprocessing = 0;
		};
		80D102EA2A4B2B5300DF7046 /* Frameworks */ = {
			isa = PBXFrameworksBuildPhase;
			buildActionMask = 2147483647;
			files = (
			);
			runOnlyForDeploymentPostprocessing = 0;
		};
		80D75B45294CC69F0077ACB6 /* Frameworks */ = {
			isa = PBXFrameworksBuildPhase;
			buildActionMask = 2147483647;
			files = (
			);
			runOnlyForDeploymentPostprocessing = 0;
		};
		80D75B5A294CC6A10077ACB6 /* Frameworks */ = {
			isa = PBXFrameworksBuildPhase;
			buildActionMask = 2147483647;
			files = (
			);
			runOnlyForDeploymentPostprocessing = 0;
		};
		80D75B64294CC6A10077ACB6 /* Frameworks */ = {
			isa = PBXFrameworksBuildPhase;
			buildActionMask = 2147483647;
			files = (
			);
			runOnlyForDeploymentPostprocessing = 0;
		};
/* End PBXFrameworksBuildPhase section */

/* Begin PBXGroup section */
		80D102EE2A4B2B5300DF7046 /* SnowclockScreenshotGenerator */ = {
			isa = PBXGroup;
			children = (
				80D102F92A4B2B9F00DF7046 /* Blacksmith */,
				80D102EF2A4B2B5300DF7046 /* SnowclockScreenshotGenerator.swift */,
				80D102F12A4B2B5300DF7046 /* SnowclockScreenshotGeneratorLaunchTests.swift */,
			);
			path = SnowclockScreenshotGenerator;
			sourceTree = "<group>";
		};
		80D75B3F294CC69F0077ACB6 = {
			isa = PBXGroup;
			children = (
				80D75B4A294CC69F0077ACB6 /* Snowclock */,
				80D75B60294CC6A10077ACB6 /* SnowclockTests */,
				80D102EE2A4B2B5300DF7046 /* SnowclockScreenshotGenerator */,
				80D75B49294CC69F0077ACB6 /* Products */,
			);
			sourceTree = "<group>";
		};
		80D75B49294CC69F0077ACB6 /* Products */ = {
			isa = PBXGroup;
			children = (
				80D75B48294CC69F0077ACB6 /* Snowclock.app */,
				80D75B5D294CC6A10077ACB6 /* SnowclockTests.xctest */,
				80D75B67294CC6A10077ACB6 /* SnowclockUITests.xctest */,
				804333712A2D1EF100203FEB /* ScreenshotTests.xctest */,
				80D102ED2A4B2B5300DF7046 /* SnowclockScreenshotGenerator.xctest */,
			);
			name = Products;
			sourceTree = "<group>";
		};
		80D75B4A294CC69F0077ACB6 /* Snowclock */ = {
			isa = PBXGroup;
			children = (
				80D75B4B294CC69F0077ACB6 /* SnowclockApp.swift */,
				804E41D22950FDF200890C7A /* AlarmView.swift */,
				804333802A45348700203FEB /* Sheets.swift */,
				804333842A453AE000203FEB /* extensions.swift */,
				804E41D42950FED600890C7A /* Formatters.swift */,
				80D75B54294CC6A10077ACB6 /* Persistence.swift */,
				8052E1BD295B843D00958811 /* Snowclock_v_0_0_2.xcdatamodeld */,
				80D75B4F294CC6A10077ACB6 /* Assets.xcassets */,
				808804392954C5F2007A68EF /* Snowclock.entitlements */,
				807837F52A0BF34200E88FBC /* defaultSound.m4r */,
				808804412954E27B007A68EF /* Snowclock-Info.plist */,
				80D75B51294CC6A10077ACB6 /* Preview Content */,
			);
			path = Snowclock;
			sourceTree = "<group>";
		};
		80D75B51294CC6A10077ACB6 /* Preview Content */ = {
			isa = PBXGroup;
			children = (
				80D75B52294CC6A10077ACB6 /* Preview Assets.xcassets */,
			);
			path = "Preview Content";
			sourceTree = "<group>";
		};
		80D75B60294CC6A10077ACB6 /* SnowclockTests */ = {
			isa = PBXGroup;
			children = (
				80D75B61294CC6A10077ACB6 /* extensionsTests.swift */,
			);
			path = SnowclockTests;
			sourceTree = "<group>";
		};
/* End PBXGroup section */

/* Begin PBXNativeTarget section */
		804333702A2D1EF100203FEB /* ScreenshotTests */ = {
			isa = PBXNativeTarget;
			buildConfigurationList = 804333792A2D1EF100203FEB /* Build configuration list for PBXNativeTarget "ScreenshotTests" */;
			buildPhases = (
				8043336D2A2D1EF100203FEB /* Sources */,
				8043336E2A2D1EF100203FEB /* Frameworks */,
				8043336F2A2D1EF100203FEB /* Resources */,
			);
			buildRules = (
			);
			dependencies = (
				804333782A2D1EF100203FEB /* PBXTargetDependency */,
			);
			name = ScreenshotTests;
			productName = ScreenshotTests;
			productReference = 804333712A2D1EF100203FEB /* ScreenshotTests.xctest */;
			productType = "com.apple.product-type.bundle.ui-testing";
		};
		80D102EC2A4B2B5300DF7046 /* SnowclockScreenshotGenerator */ = {
			isa = PBXNativeTarget;
			buildConfigurationList = 80D102F52A4B2B5300DF7046 /* Build configuration list for PBXNativeTarget "SnowclockScreenshotGenerator" */;
			buildPhases = (
				80D102E92A4B2B5300DF7046 /* Sources */,
				80D102EA2A4B2B5300DF7046 /* Frameworks */,
				80D102EB2A4B2B5300DF7046 /* Resources */,
			);
			buildRules = (
			);
			dependencies = (
				80D102F42A4B2B5300DF7046 /* PBXTargetDependency */,
			);
			name = SnowclockScreenshotGenerator;
			productName = SnowclockScreenshotGenerator;
			productReference = 80D102ED2A4B2B5300DF7046 /* SnowclockScreenshotGenerator.xctest */;
			productType = "com.apple.product-type.bundle.ui-testing";
		};
		80D75B47294CC69F0077ACB6 /* Snowclock */ = {
			isa = PBXNativeTarget;
			buildConfigurationList = 80D75B71294CC6A10077ACB6 /* Build configuration list for PBXNativeTarget "Snowclock" */;
			buildPhases = (
				80D75B44294CC69F0077ACB6 /* Sources */,
				80D75B45294CC69F0077ACB6 /* Frameworks */,
				80D75B46294CC69F0077ACB6 /* Resources */,
			);
			buildRules = (
			);
			dependencies = (
			);
			name = Snowclock;
			productName = Snowclock;
			productReference = 80D75B48294CC69F0077ACB6 /* Snowclock.app */;
			productType = "com.apple.product-type.application";
		};
		80D75B5C294CC6A10077ACB6 /* SnowclockTests */ = {
			isa = PBXNativeTarget;
			buildConfigurationList = 80D75B74294CC6A10077ACB6 /* Build configuration list for PBXNativeTarget "SnowclockTests" */;
			buildPhases = (
				80D75B59294CC6A10077ACB6 /* Sources */,
				80D75B5A294CC6A10077ACB6 /* Frameworks */,
				80D75B5B294CC6A10077ACB6 /* Resources */,
			);
			buildRules = (
			);
			dependencies = (
				80D75B5F294CC6A10077ACB6 /* PBXTargetDependency */,
			);
			name = SnowclockTests;
			productName = SnowclockTests;
			productReference = 80D75B5D294CC6A10077ACB6 /* SnowclockTests.xctest */;
			productType = "com.apple.product-type.bundle.unit-test";
		};
		80D75B66294CC6A10077ACB6 /* SnowclockUITests */ = {
			isa = PBXNativeTarget;
			buildConfigurationList = 80D75B77294CC6A10077ACB6 /* Build configuration list for PBXNativeTarget "SnowclockUITests" */;
			buildPhases = (
				80D75B63294CC6A10077ACB6 /* Sources */,
				80D75B64294CC6A10077ACB6 /* Frameworks */,
				80D75B65294CC6A10077ACB6 /* Resources */,
			);
			buildRules = (
			);
			dependencies = (
				80D75B69294CC6A10077ACB6 /* PBXTargetDependency */,
			);
			name = SnowclockUITests;
			productName = SnowclockUITests;
			productReference = 80D75B67294CC6A10077ACB6 /* SnowclockUITests.xctest */;
			productType = "com.apple.product-type.bundle.ui-testing";
		};
/* End PBXNativeTarget section */

/* Begin PBXProject section */
		80D75B40294CC69F0077ACB6 /* Project object */ = {
			isa = PBXProject;
			attributes = {
				BuildIndependentTargetsInParallel = 1;
				LastSwiftUpdateCheck = 1430;
				LastUpgradeCheck = 1430;
				TargetAttributes = {
					804333702A2D1EF100203FEB = {
						CreatedOnToolsVersion = 14.3.1;
						TestTargetID = 80D75B47294CC69F0077ACB6;
					};
					80D102EC2A4B2B5300DF7046 = {
						CreatedOnToolsVersion = 14.3.1;
						TestTargetID = 80D75B47294CC69F0077ACB6;
					};
					80D75B47294CC69F0077ACB6 = {
						CreatedOnToolsVersion = 14.2;
					};
					80D75B5C294CC6A10077ACB6 = {
						CreatedOnToolsVersion = 14.2;
						TestTargetID = 80D75B47294CC69F0077ACB6;
					};
					80D75B66294CC6A10077ACB6 = {
						CreatedOnToolsVersion = 14.2;
						TestTargetID = 80D75B47294CC69F0077ACB6;
					};
				};
			};
			buildConfigurationList = 80D75B43294CC69F0077ACB6 /* Build configuration list for PBXProject "Snowclock" */;
			compatibilityVersion = "Xcode 14.0";
			developmentRegion = en;
			hasScannedForEncodings = 0;
			knownRegions = (
				en,
				Base,
			);
			mainGroup = 80D75B3F294CC69F0077ACB6;
			productRefGroup = 80D75B49294CC69F0077ACB6 /* Products */;
			projectDirPath = "";
			projectRoot = "";
			targets = (
				80D75B47294CC69F0077ACB6 /* Snowclock */,
				80D75B5C294CC6A10077ACB6 /* SnowclockTests */,
				80D75B66294CC6A10077ACB6 /* SnowclockUITests */,
				804333702A2D1EF100203FEB /* ScreenshotTests */,
				80D102EC2A4B2B5300DF7046 /* SnowclockScreenshotGenerator */,
			);
		};
/* End PBXProject section */

/* Begin PBXResourcesBuildPhase section */
		8043336F2A2D1EF100203FEB /* Resources */ = {
			isa = PBXResourcesBuildPhase;
			buildActionMask = 2147483647;
			files = (
			);
			runOnlyForDeploymentPostprocessing = 0;
		};
		80D102EB2A4B2B5300DF7046 /* Resources */ = {
			isa = PBXResourcesBuildPhase;
			buildActionMask = 2147483647;
			files = (
				80D102FA2A4B2B9F00DF7046 /* Blacksmith in Resources */,
			);
			runOnlyForDeploymentPostprocessing = 0;
		};
		80D75B46294CC69F0077ACB6 /* Resources */ = {
			isa = PBXResourcesBuildPhase;
			buildActionMask = 2147483647;
			files = (
				80D75B53294CC6A10077ACB6 /* Preview Assets.xcassets in Resources */,
				80D75B50294CC6A10077ACB6 /* Assets.xcassets in Resources */,
				807837F62A0BF34200E88FBC /* defaultSound.m4r in Resources */,
			);
			runOnlyForDeploymentPostprocessing = 0;
		};
		80D75B5B294CC6A10077ACB6 /* Resources */ = {
			isa = PBXResourcesBuildPhase;
			buildActionMask = 2147483647;
			files = (
				80DD2C93295F75C80037CAF9 /* Snowclock-Info.plist in Resources */,
			);
			runOnlyForDeploymentPostprocessing = 0;
		};
		80D75B65294CC6A10077ACB6 /* Resources */ = {
			isa = PBXResourcesBuildPhase;
			buildActionMask = 2147483647;
			files = (
				80DD2C95295F75CA0037CAF9 /* Snowclock-Info.plist in Resources */,
			);
			runOnlyForDeploymentPostprocessing = 0;
		};
/* End PBXResourcesBuildPhase section */

/* Begin PBXSourcesBuildPhase section */
		8043336D2A2D1EF100203FEB /* Sources */ = {
			isa = PBXSourcesBuildPhase;
			buildActionMask = 2147483647;
			files = (
			);
			runOnlyForDeploymentPostprocessing = 0;
		};
		80D102E92A4B2B5300DF7046 /* Sources */ = {
			isa = PBXSourcesBuildPhase;
			buildActionMask = 2147483647;
			files = (
				80D102F22A4B2B5300DF7046 /* SnowclockScreenshotGeneratorLaunchTests.swift in Sources */,
				80D102F02A4B2B5300DF7046 /* SnowclockScreenshotGenerator.swift in Sources */,
			);
			runOnlyForDeploymentPostprocessing = 0;
		};
		80D75B44294CC69F0077ACB6 /* Sources */ = {
			isa = PBXSourcesBuildPhase;
			buildActionMask = 2147483647;
			files = (
				80D75B55294CC6A10077ACB6 /* Persistence.swift in Sources */,
				8052E1C1295B843D00958811 /* Snowclock_v_0_0_2.xcdatamodeld in Sources */,
				804333812A45348700203FEB /* Sheets.swift in Sources */,
				804E41D52950FED700890C7A /* Formatters.swift in Sources */,
				804E41D32950FDF200890C7A /* AlarmView.swift in Sources */,
				80D75B4C294CC69F0077ACB6 /* SnowclockApp.swift in Sources */,
				804333852A453AE000203FEB /* extensions.swift in Sources */,
			);
			runOnlyForDeploymentPostprocessing = 0;
		};
		80D75B59294CC6A10077ACB6 /* Sources */ = {
			isa = PBXSourcesBuildPhase;
			buildActionMask = 2147483647;
			files = (
				80D75B62294CC6A10077ACB6 /* extensionsTests.swift in Sources */,
			);
			runOnlyForDeploymentPostprocessing = 0;
		};
		80D75B63294CC6A10077ACB6 /* Sources */ = {
			isa = PBXSourcesBuildPhase;
			buildActionMask = 2147483647;
			files = (
			);
			runOnlyForDeploymentPostprocessing = 0;
		};
/* End PBXSourcesBuildPhase section */

/* Begin PBXTargetDependency section */
		804333782A2D1EF100203FEB /* PBXTargetDependency */ = {
			isa = PBXTargetDependency;
			target = 80D75B47294CC69F0077ACB6 /* Snowclock */;
			targetProxy = 804333772A2D1EF100203FEB /* PBXContainerItemProxy */;
		};
		80D102F42A4B2B5300DF7046 /* PBXTargetDependency */ = {
			isa = PBXTargetDependency;
			target = 80D75B47294CC69F0077ACB6 /* Snowclock */;
			targetProxy = 80D102F32A4B2B5300DF7046 /* PBXContainerItemProxy */;
		};
		80D75B5F294CC6A10077ACB6 /* PBXTargetDependency */ = {
			isa = PBXTargetDependency;
			target = 80D75B47294CC69F0077ACB6 /* Snowclock */;
			targetProxy = 80D75B5E294CC6A10077ACB6 /* PBXContainerItemProxy */;
		};
		80D75B69294CC6A10077ACB6 /* PBXTargetDependency */ = {
			isa = PBXTargetDependency;
			target = 80D75B47294CC69F0077ACB6 /* Snowclock */;
			targetProxy = 80D75B68294CC6A10077ACB6 /* PBXContainerItemProxy */;
		};
/* End PBXTargetDependency section */

/* Begin XCBuildConfiguration section */
		8043337A2A2D1EF100203FEB /* Debug */ = {
			isa = XCBuildConfiguration;
			buildSettings = {
				CODE_SIGN_STYLE = Automatic;
				CURRENT_PROJECT_VERSION = 1;
				DEVELOPMENT_TEAM = PK7HCG46US;
				GENERATE_INFOPLIST_FILE = YES;
				IPHONEOS_DEPLOYMENT_TARGET = 16.4;
				MARKETING_VERSION = 1.0;
				PRODUCT_BUNDLE_IDENTIFIER = net.snowskeleton.ScreenshotTests;
				PRODUCT_NAME = "$(TARGET_NAME)";
				SWIFT_EMIT_LOC_STRINGS = NO;
				SWIFT_VERSION = 5.0;
				TARGETED_DEVICE_FAMILY = "1,2";
				TEST_TARGET_NAME = Snowclock;
			};
			name = Debug;
		};
		8043337B2A2D1EF100203FEB /* Release */ = {
			isa = XCBuildConfiguration;
			buildSettings = {
				CODE_SIGN_STYLE = Automatic;
				CURRENT_PROJECT_VERSION = 1;
				DEVELOPMENT_TEAM = PK7HCG46US;
				GENERATE_INFOPLIST_FILE = YES;
				IPHONEOS_DEPLOYMENT_TARGET = 16.4;
				MARKETING_VERSION = 1.0;
				PRODUCT_BUNDLE_IDENTIFIER = net.snowskeleton.ScreenshotTests;
				PRODUCT_NAME = "$(TARGET_NAME)";
				SWIFT_EMIT_LOC_STRINGS = NO;
				SWIFT_VERSION = 5.0;
				TARGETED_DEVICE_FAMILY = "1,2";
				TEST_TARGET_NAME = Snowclock;
			};
			name = Release;
		};
		80D102F62A4B2B5300DF7046 /* Debug */ = {
			isa = XCBuildConfiguration;
			buildSettings = {
				CODE_SIGN_STYLE = Automatic;
				CURRENT_PROJECT_VERSION = 1;
				DEVELOPMENT_TEAM = PK7HCG46US;
				GENERATE_INFOPLIST_FILE = YES;
				IPHONEOS_DEPLOYMENT_TARGET = 16.4;
				MARKETING_VERSION = 1.0;
				PRODUCT_BUNDLE_IDENTIFIER = net.snowskeleton.SnowclockScreenshotGenerator;
				PRODUCT_NAME = "$(TARGET_NAME)";
				SWIFT_EMIT_LOC_STRINGS = NO;
				SWIFT_VERSION = 5.0;
				TARGETED_DEVICE_FAMILY = "1,2";
				TEST_TARGET_NAME = Snowclock;
			};
			name = Debug;
		};
		80D102F72A4B2B5300DF7046 /* Release */ = {
			isa = XCBuildConfiguration;
			buildSettings = {
				CODE_SIGN_STYLE = Automatic;
				CURRENT_PROJECT_VERSION = 1;
				DEVELOPMENT_TEAM = PK7HCG46US;
				GENERATE_INFOPLIST_FILE = YES;
				IPHONEOS_DEPLOYMENT_TARGET = 16.4;
				MARKETING_VERSION = 1.0;
				PRODUCT_BUNDLE_IDENTIFIER = net.snowskeleton.SnowclockScreenshotGenerator;
				PRODUCT_NAME = "$(TARGET_NAME)";
				SWIFT_EMIT_LOC_STRINGS = NO;
				SWIFT_VERSION = 5.0;
				TARGETED_DEVICE_FAMILY = "1,2";
				TEST_TARGET_NAME = Snowclock;
			};
			name = Release;
		};
		80D75B6F294CC6A10077ACB6 /* Debug */ = {
			isa = XCBuildConfiguration;
			buildSettings = {
				ALWAYS_SEARCH_USER_PATHS = NO;
				CLANG_ANALYZER_NONNULL = YES;
				CLANG_ANALYZER_NUMBER_OBJECT_CONVERSION = YES_AGGRESSIVE;
				CLANG_CXX_LANGUAGE_STANDARD = "gnu++20";
				CLANG_ENABLE_MODULES = YES;
				CLANG_ENABLE_OBJC_ARC = YES;
				CLANG_ENABLE_OBJC_WEAK = YES;
				CLANG_WARN_BLOCK_CAPTURE_AUTORELEASING = YES;
				CLANG_WARN_BOOL_CONVERSION = YES;
				CLANG_WARN_COMMA = YES;
				CLANG_WARN_CONSTANT_CONVERSION = YES;
				CLANG_WARN_DEPRECATED_OBJC_IMPLEMENTATIONS = YES;
				CLANG_WARN_DIRECT_OBJC_ISA_USAGE = YES_ERROR;
				CLANG_WARN_DOCUMENTATION_COMMENTS = YES;
				CLANG_WARN_EMPTY_BODY = YES;
				CLANG_WARN_ENUM_CONVERSION = YES;
				CLANG_WARN_INFINITE_RECURSION = YES;
				CLANG_WARN_INT_CONVERSION = YES;
				CLANG_WARN_NON_LITERAL_NULL_CONVERSION = YES;
				CLANG_WARN_OBJC_IMPLICIT_RETAIN_SELF = YES;
				CLANG_WARN_OBJC_LITERAL_CONVERSION = YES;
				CLANG_WARN_OBJC_ROOT_CLASS = YES_ERROR;
				CLANG_WARN_QUOTED_INCLUDE_IN_FRAMEWORK_HEADER = YES;
				CLANG_WARN_RANGE_LOOP_ANALYSIS = YES;
				CLANG_WARN_STRICT_PROTOTYPES = YES;
				CLANG_WARN_SUSPICIOUS_MOVE = YES;
				CLANG_WARN_UNGUARDED_AVAILABILITY = YES_AGGRESSIVE;
				CLANG_WARN_UNREACHABLE_CODE = YES;
				CLANG_WARN__DUPLICATE_METHOD_MATCH = YES;
				COPY_PHASE_STRIP = NO;
				DEBUG_INFORMATION_FORMAT = dwarf;
				ENABLE_STRICT_OBJC_MSGSEND = YES;
				ENABLE_TESTABILITY = YES;
				GCC_C_LANGUAGE_STANDARD = gnu11;
				GCC_DYNAMIC_NO_PIC = NO;
				GCC_NO_COMMON_BLOCKS = YES;
				GCC_OPTIMIZATION_LEVEL = 0;
				GCC_PREPROCESSOR_DEFINITIONS = (
					"DEBUG=1",
					"$(inherited)",
				);
				GCC_WARN_64_TO_32_BIT_CONVERSION = YES;
				GCC_WARN_ABOUT_RETURN_TYPE = YES_ERROR;
				GCC_WARN_UNDECLARED_SELECTOR = YES;
				GCC_WARN_UNINITIALIZED_AUTOS = YES_AGGRESSIVE;
				GCC_WARN_UNUSED_FUNCTION = YES;
				GCC_WARN_UNUSED_VARIABLE = YES;
				IPHONEOS_DEPLOYMENT_TARGET = 16.2;
				MTL_ENABLE_DEBUG_INFO = INCLUDE_SOURCE;
				MTL_FAST_MATH = YES;
				ONLY_ACTIVE_ARCH = YES;
				SDKROOT = iphoneos;
				SWIFT_ACTIVE_COMPILATION_CONDITIONS = DEBUG;
				SWIFT_OPTIMIZATION_LEVEL = "-Onone";
			};
			name = Debug;
		};
		80D75B70294CC6A10077ACB6 /* Release */ = {
			isa = XCBuildConfiguration;
			buildSettings = {
				ALWAYS_SEARCH_USER_PATHS = NO;
				CLANG_ANALYZER_NONNULL = YES;
				CLANG_ANALYZER_NUMBER_OBJECT_CONVERSION = YES_AGGRESSIVE;
				CLANG_CXX_LANGUAGE_STANDARD = "gnu++20";
				CLANG_ENABLE_MODULES = YES;
				CLANG_ENABLE_OBJC_ARC = YES;
				CLANG_ENABLE_OBJC_WEAK = YES;
				CLANG_WARN_BLOCK_CAPTURE_AUTORELEASING = YES;
				CLANG_WARN_BOOL_CONVERSION = YES;
				CLANG_WARN_COMMA = YES;
				CLANG_WARN_CONSTANT_CONVERSION = YES;
				CLANG_WARN_DEPRECATED_OBJC_IMPLEMENTATIONS = YES;
				CLANG_WARN_DIRECT_OBJC_ISA_USAGE = YES_ERROR;
				CLANG_WARN_DOCUMENTATION_COMMENTS = YES;
				CLANG_WARN_EMPTY_BODY = YES;
				CLANG_WARN_ENUM_CONVERSION = YES;
				CLANG_WARN_INFINITE_RECURSION = YES;
				CLANG_WARN_INT_CONVERSION = YES;
				CLANG_WARN_NON_LITERAL_NULL_CONVERSION = YES;
				CLANG_WARN_OBJC_IMPLICIT_RETAIN_SELF = YES;
				CLANG_WARN_OBJC_LITERAL_CONVERSION = YES;
				CLANG_WARN_OBJC_ROOT_CLASS = YES_ERROR;
				CLANG_WARN_QUOTED_INCLUDE_IN_FRAMEWORK_HEADER = YES;
				CLANG_WARN_RANGE_LOOP_ANALYSIS = YES;
				CLANG_WARN_STRICT_PROTOTYPES = YES;
				CLANG_WARN_SUSPICIOUS_MOVE = YES;
				CLANG_WARN_UNGUARDED_AVAILABILITY = YES_AGGRESSIVE;
				CLANG_WARN_UNREACHABLE_CODE = YES;
				CLANG_WARN__DUPLICATE_METHOD_MATCH = YES;
				COPY_PHASE_STRIP = NO;
				DEBUG_INFORMATION_FORMAT = "dwarf-with-dsym";
				ENABLE_NS_ASSERTIONS = NO;
				ENABLE_STRICT_OBJC_MSGSEND = YES;
				GCC_C_LANGUAGE_STANDARD = gnu11;
				GCC_NO_COMMON_BLOCKS = YES;
				GCC_WARN_64_TO_32_BIT_CONVERSION = YES;
				GCC_WARN_ABOUT_RETURN_TYPE = YES_ERROR;
				GCC_WARN_UNDECLARED_SELECTOR = YES;
				GCC_WARN_UNINITIALIZED_AUTOS = YES_AGGRESSIVE;
				GCC_WARN_UNUSED_FUNCTION = YES;
				GCC_WARN_UNUSED_VARIABLE = YES;
				IPHONEOS_DEPLOYMENT_TARGET = 16.2;
				MTL_ENABLE_DEBUG_INFO = NO;
				MTL_FAST_MATH = YES;
				SDKROOT = iphoneos;
				SWIFT_COMPILATION_MODE = wholemodule;
				SWIFT_OPTIMIZATION_LEVEL = "-O";
				VALIDATE_PRODUCT = YES;
			};
			name = Release;
		};
		80D75B72294CC6A10077ACB6 /* Debug */ = {
			isa = XCBuildConfiguration;
			buildSettings = {
				ASSETCATALOG_COMPILER_APPICON_NAME = AppIcon;
				ASSETCATALOG_COMPILER_GLOBAL_ACCENT_COLOR_NAME = AccentColor;
				CODE_SIGN_ENTITLEMENTS = Snowclock/Snowclock.entitlements;
				CODE_SIGN_STYLE = Automatic;
				CURRENT_PROJECT_VERSION = 4;
				DEVELOPMENT_ASSET_PATHS = "\"Snowclock/Preview Content\"";
				DEVELOPMENT_TEAM = PK7HCG46US;
				ENABLE_PREVIEWS = YES;
				GENERATE_INFOPLIST_FILE = YES;
				INFOPLIST_FILE = "Snowclock-Info.plist";
				INFOPLIST_KEY_CFBundleDisplayName = Snowclock;
				INFOPLIST_KEY_LSApplicationCategoryType = "public.app-category.utilities";
				INFOPLIST_KEY_UIApplicationSupportsIndirectInputEvents = YES;
				INFOPLIST_KEY_UILaunchScreen_Generation = YES;
				INFOPLIST_KEY_UIRequiresFullScreen = NO;
				INFOPLIST_KEY_UIStatusBarStyle = "";
				INFOPLIST_KEY_UISupportedInterfaceOrientations = UIInterfaceOrientationPortrait;
				INFOPLIST_KEY_UISupportedInterfaceOrientations_iPad = "UIInterfaceOrientationLandscapeLeft UIInterfaceOrientationLandscapeRight UIInterfaceOrientationPortrait UIInterfaceOrientationPortraitUpsideDown";
				IPHONEOS_DEPLOYMENT_TARGET = 16.1;
				LD_RUNPATH_SEARCH_PATHS = (
					"$(inherited)",
					"@executable_path/Frameworks",
				);
				MACOSX_DEPLOYMENT_TARGET = 12.4;
				MARKETING_VERSION = 1.0;
				PRODUCT_BUNDLE_IDENTIFIER = net.snowskeleton.Snowclock;
				PRODUCT_NAME = "$(TARGET_NAME)";
				SUPPORTED_PLATFORMS = "iphoneos iphonesimulator";
				SUPPORTS_MACCATALYST = NO;
				SUPPORTS_MAC_DESIGNED_FOR_IPHONE_IPAD = YES;
				SWIFT_EMIT_LOC_STRINGS = YES;
				SWIFT_VERSION = 5.0;
				TARGETED_DEVICE_FAMILY = "1,2";
			};
			name = Debug;
		};
		80D75B73294CC6A10077ACB6 /* Release */ = {
			isa = XCBuildConfiguration;
			buildSettings = {
				ASSETCATALOG_COMPILER_APPICON_NAME = AppIcon;
				ASSETCATALOG_COMPILER_GLOBAL_ACCENT_COLOR_NAME = AccentColor;
				CODE_SIGN_ENTITLEMENTS = Snowclock/Snowclock.entitlements;
				CODE_SIGN_STYLE = Automatic;
				CURRENT_PROJECT_VERSION = 4;
				DEVELOPMENT_ASSET_PATHS = "\"Snowclock/Preview Content\"";
				DEVELOPMENT_TEAM = PK7HCG46US;
				ENABLE_PREVIEWS = YES;
				GENERATE_INFOPLIST_FILE = YES;
				INFOPLIST_FILE = "Snowclock-Info.plist";
				INFOPLIST_KEY_CFBundleDisplayName = Snowclock;
				INFOPLIST_KEY_LSApplicationCategoryType = "public.app-category.utilities";
				INFOPLIST_KEY_UIApplicationSupportsIndirectInputEvents = YES;
				INFOPLIST_KEY_UILaunchScreen_Generation = YES;
				INFOPLIST_KEY_UIRequiresFullScreen = NO;
				INFOPLIST_KEY_UIStatusBarStyle = "";
				INFOPLIST_KEY_UISupportedInterfaceOrientations = UIInterfaceOrientationPortrait;
				INFOPLIST_KEY_UISupportedInterfaceOrientations_iPad = "UIInterfaceOrientationLandscapeLeft UIInterfaceOrientationLandscapeRight UIInterfaceOrientationPortrait UIInterfaceOrientationPortraitUpsideDown";
				IPHONEOS_DEPLOYMENT_TARGET = 16.1;
				LD_RUNPATH_SEARCH_PATHS = (
					"$(inherited)",
					"@executable_path/Frameworks",
				);
				MACOSX_DEPLOYMENT_TARGET = 12.4;
				MARKETING_VERSION = 1.0;
				PRODUCT_BUNDLE_IDENTIFIER = net.snowskeleton.Snowclock;
				PRODUCT_NAME = "$(TARGET_NAME)";
				SUPPORTED_PLATFORMS = "iphoneos iphonesimulator";
				SUPPORTS_MACCATALYST = NO;
				SUPPORTS_MAC_DESIGNED_FOR_IPHONE_IPAD = YES;
				SWIFT_EMIT_LOC_STRINGS = YES;
				SWIFT_VERSION = 5.0;
				TARGETED_DEVICE_FAMILY = "1,2";
			};
			name = Release;
		};
		80D75B75294CC6A10077ACB6 /* Debug */ = {
			isa = XCBuildConfiguration;
			buildSettings = {
				ALWAYS_EMBED_SWIFT_STANDARD_LIBRARIES = YES;
				BUNDLE_LOADER = "$(TEST_HOST)";
				CODE_SIGN_STYLE = Automatic;
				CURRENT_PROJECT_VERSION = 1;
				DEVELOPMENT_TEAM = PK7HCG46US;
				GENERATE_INFOPLIST_FILE = YES;
				IPHONEOS_DEPLOYMENT_TARGET = 16.2;
				MARKETING_VERSION = 1.0;
				PRODUCT_BUNDLE_IDENTIFIER = net.snowskeleton.SnowclockTests;
				PRODUCT_NAME = "$(TARGET_NAME)";
				SWIFT_EMIT_LOC_STRINGS = NO;
				SWIFT_VERSION = 5.0;
				TARGETED_DEVICE_FAMILY = "1,2";
				TEST_HOST = "$(BUILT_PRODUCTS_DIR)/Snowclock.app/$(BUNDLE_EXECUTABLE_FOLDER_PATH)/Snowclock";
			};
			name = Debug;
		};
		80D75B76294CC6A10077ACB6 /* Release */ = {
			isa = XCBuildConfiguration;
			buildSettings = {
				ALWAYS_EMBED_SWIFT_STANDARD_LIBRARIES = YES;
				BUNDLE_LOADER = "$(TEST_HOST)";
				CODE_SIGN_STYLE = Automatic;
				CURRENT_PROJECT_VERSION = 1;
				DEVELOPMENT_TEAM = PK7HCG46US;
				GENERATE_INFOPLIST_FILE = YES;
				IPHONEOS_DEPLOYMENT_TARGET = 16.2;
				MARKETING_VERSION = 1.0;
				PRODUCT_BUNDLE_IDENTIFIER = net.snowskeleton.SnowclockTests;
				PRODUCT_NAME = "$(TARGET_NAME)";
				SWIFT_EMIT_LOC_STRINGS = NO;
				SWIFT_VERSION = 5.0;
				TARGETED_DEVICE_FAMILY = "1,2";
				TEST_HOST = "$(BUILT_PRODUCTS_DIR)/Snowclock.app/$(BUNDLE_EXECUTABLE_FOLDER_PATH)/Snowclock";
			};
			name = Release;
		};
		80D75B78294CC6A10077ACB6 /* Debug */ = {
			isa = XCBuildConfiguration;
			buildSettings = {
				ALWAYS_EMBED_SWIFT_STANDARD_LIBRARIES = YES;
				CODE_SIGN_STYLE = Automatic;
				CURRENT_PROJECT_VERSION = 1;
				DEVELOPMENT_TEAM = PK7HCG46US;
				GENERATE_INFOPLIST_FILE = YES;
				MARKETING_VERSION = 1.0;
				PRODUCT_BUNDLE_IDENTIFIER = net.snowskeleton.SnowclockUITests;
				PRODUCT_NAME = "$(TARGET_NAME)";
				SWIFT_EMIT_LOC_STRINGS = NO;
				SWIFT_VERSION = 5.0;
				TARGETED_DEVICE_FAMILY = "1,2";
				TEST_TARGET_NAME = Snowclock;
			};
			name = Debug;
		};
		80D75B79294CC6A10077ACB6 /* Release */ = {
			isa = XCBuildConfiguration;
			buildSettings = {
				ALWAYS_EMBED_SWIFT_STANDARD_LIBRARIES = YES;
				CODE_SIGN_STYLE = Automatic;
				CURRENT_PROJECT_VERSION = 1;
				DEVELOPMENT_TEAM = PK7HCG46US;
				GENERATE_INFOPLIST_FILE = YES;
				MARKETING_VERSION = 1.0;
				PRODUCT_BUNDLE_IDENTIFIER = net.snowskeleton.SnowclockUITests;
				PRODUCT_NAME = "$(TARGET_NAME)";
				SWIFT_EMIT_LOC_STRINGS = NO;
				SWIFT_VERSION = 5.0;
				TARGETED_DEVICE_FAMILY = "1,2";
				TEST_TARGET_NAME = Snowclock;
			};
			name = Release;
		};
/* End XCBuildConfiguration section */

/* Begin XCConfigurationList section */
		804333792A2D1EF100203FEB /* Build configuration list for PBXNativeTarget "ScreenshotTests" */ = {
			isa = XCConfigurationList;
			buildConfigurations = (
				8043337A2A2D1EF100203FEB /* Debug */,
				8043337B2A2D1EF100203FEB /* Release */,
			);
			defaultConfigurationIsVisible = 0;
			defaultConfigurationName = Release;
		};
		80D102F52A4B2B5300DF7046 /* Build configuration list for PBXNativeTarget "SnowclockScreenshotGenerator" */ = {
			isa = XCConfigurationList;
			buildConfigurations = (
				80D102F62A4B2B5300DF7046 /* Debug */,
				80D102F72A4B2B5300DF7046 /* Release */,
			);
			defaultConfigurationIsVisible = 0;
			defaultConfigurationName = Release;
		};
		80D75B43294CC69F0077ACB6 /* Build configuration list for PBXProject "Snowclock" */ = {
			isa = XCConfigurationList;
			buildConfigurations = (
				80D75B6F294CC6A10077ACB6 /* Debug */,
				80D75B70294CC6A10077ACB6 /* Release */,
			);
			defaultConfigurationIsVisible = 0;
			defaultConfigurationName = Release;
		};
		80D75B71294CC6A10077ACB6 /* Build configuration list for PBXNativeTarget "Snowclock" */ = {
			isa = XCConfigurationList;
			buildConfigurations = (
				80D75B72294CC6A10077ACB6 /* Debug */,
				80D75B73294CC6A10077ACB6 /* Release */,
			);
			defaultConfigurationIsVisible = 0;
			defaultConfigurationName = Release;
		};
		80D75B74294CC6A10077ACB6 /* Build configuration list for PBXNativeTarget "SnowclockTests" */ = {
			isa = XCConfigurationList;
			buildConfigurations = (
				80D75B75294CC6A10077ACB6 /* Debug */,
				80D75B76294CC6A10077ACB6 /* Release */,
			);
			defaultConfigurationIsVisible = 0;
			defaultConfigurationName = Release;
		};
		80D75B77294CC6A10077ACB6 /* Build configuration list for PBXNativeTarget "SnowclockUITests" */ = {
			isa = XCConfigurationList;
			buildConfigurations = (
				80D75B78294CC6A10077ACB6 /* Debug */,
				80D75B79294CC6A10077ACB6 /* Release */,
			);
			defaultConfigurationIsVisible = 0;
			defaultConfigurationName = Release;
		};
/* End XCConfigurationList section */

/* Begin XCVersionGroup section */
		8052E1BD295B843D00958811 /* Snowclock_v_0_0_2.xcdatamodeld */ = {
			isa = XCVersionGroup;
			children = (
				8052E1BF295B843D00958811 /* Snowclock.xcdatamodel */,
			);
			currentVersion = 8052E1BF295B843D00958811 /* Snowclock.xcdatamodel */;
			path = Snowclock_v_0_0_2.xcdatamodeld;
			sourceTree = "<group>";
			versionGroupType = wrapper.xcdatamodel;
		};
/* End XCVersionGroup section */
	};
	rootObject = 80D75B40294CC69F0077ACB6 /* Project object */;
}
